
Microsoft Visual Studio Solution File, Format Version 12.00
# Visual Studio Version 16
VisualStudioVersion = 16.0.29409.12
MinimumVisualStudioVersion = 10.0.40219.1
Project("{9A19103F-16F7-4668-BE54-9A1E7A4F7556}") = "BancoWeb", "BancoWeb.csproj", "{A1E86AE6-ECE5-410C-B241-28F941C211C9}"
EndProject
Project("{9A19103F-16F7-4668-BE54-9A1E7A4F7556}") = "BancoConsole", "..\BancoConsole\BancoConsole.csproj", "{E99B073D-C5C1-4074-8DF4-A8D2CC577235}"
EndProject
Global
	GlobalSection(SolutionConfigurationPlatforms) = preSolution
		Debug|Any CPU = Debug|Any CPU
		Release|Any CPU = Release|Any CPU
	EndGlobalSection
	GlobalSection(ProjectConfigurationPlatforms) = postSolution
		{A1E86AE6-ECE5-410C-B241-28F941C211C9}.Debug|Any CPU.ActiveCfg = Debug|Any CPU
		{A1E86AE6-ECE5-410C-B241-28F941C211C9}.Debug|Any CPU.Build.0 = Debug|Any CPU
		{A1E86AE6-ECE5-410C-B241-28F941C211C9}.Release|Any CPU.ActiveCfg = Release|Any CPU
		{A1E86AE6-ECE5-410C-B241-28F941C211C9}.Release|Any CPU.Build.0 = Release|Any CPU
		{E99B073D-C5C1-4074-8DF4-A8D2CC577235}.Debug|Any CPU.ActiveCfg = Debug|Any CPU
		{E99B073D-C5C1-4074-8DF4-A8D2CC577235}.Debug|Any CPU.Build.0 = Debug|Any CPU
		{E99B073D-C5C1-4074-8DF4-A8D2CC577235}.Release|Any CPU.ActiveCfg = Release|Any CPU
		{E99B073D-C5C1-4074-8DF4-A8D2CC577235}.Release|Any CPU.Build.0 = Release|Any CPU
	EndGlobalSection
	GlobalSection(SolutionProperties) = preSolution
		HideSolutionNode = FALSE
	EndGlobalSection
	GlobalSection(ExtensibilityGlobals) = postSolution
		SolutionGuid = {B4BECD57-95BC-4380-90E9-DCE592EB15C3}
	EndGlobalSection
EndGlobal
